// !$*UTF8*$!
{
	archiveVersion = 1;
	classes = {
	};
	objectVersion = 50;
	objects = {

/* Begin PBXBuildFile section */
		BFE9932C2259BDBE00183253 /* AppDelegate.swift in Sources */ = {isa = PBXBuildFile; fileRef = BFE9932B2259BDBE00183253 /* AppDelegate.swift */; };
		BFE9932E2259BDBE00183253 /* ViewController.swift in Sources */ = {isa = PBXBuildFile; fileRef = BFE9932D2259BDBE00183253 /* ViewController.swift */; };
		BFE993312259BDBE00183253 /* Main.storyboard in Resources */ = {isa = PBXBuildFile; fileRef = BFE9932F2259BDBE00183253 /* Main.storyboard */; };
		BFE993332259BDC200183253 /* Assets.xcassets in Resources */ = {isa = PBXBuildFile; fileRef = BFE993322259BDC200183253 /* Assets.xcassets */; };
		BFE993362259BDC200183253 /* LaunchScreen.storyboard in Resources */ = {isa = PBXBuildFile; fileRef = BFE993342259BDC200183253 /* LaunchScreen.storyboard */; };
		BFE993412259BDC200183253 /* sample_delegateTests.swift in Sources */ = {isa = PBXBuildFile; fileRef = BFE993402259BDC200183253 /* sample_delegateTests.swift */; };
		BFE9934C2259BDC200183253 /* sample_delegateUITests.swift in Sources */ = {isa = PBXBuildFile; fileRef = BFE9934B2259BDC200183253 /* sample_delegateUITests.swift */; };
		BFE9935A2259BDEC00183253 /* TestDelegate.swift in Sources */ = {isa = PBXBuildFile; fileRef = BFE993592259BDEC00183253 /* TestDelegate.swift */; };
		BFE9935C2259BE3700183253 /* TestClass.swift in Sources */ = {isa = PBXBuildFile; fileRef = BFE9935B2259BE3700183253 /* TestClass.swift */; };
/* End PBXBuildFile section */

/* Begin PBXContainerItemProxy section */
		BFE9933D2259BDC200183253 /* PBXContainerItemProxy */ = {
			isa = PBXContainerItemProxy;
			containerPortal = BFE993202259BDBE00183253 /* Project object */;
			proxyType = 1;
			remoteGlobalIDString = BFE993272259BDBE00183253;
			remoteInfo = sample_delegate;
		};
		BFE993482259BDC200183253 /* PBXContainerItemProxy */ = {
			isa = PBXContainerItemProxy;
			containerPortal = BFE993202259BDBE00183253 /* Project object */;
			proxyType = 1;
			remoteGlobalIDString = BFE993272259BDBE00183253;
			remoteInfo = sample_delegate;
		};
/* End PBXContainerItemProxy section */

/* Begin PBXFileReference section */
		BFE993282259BDBE00183253 /* sample_delegate.app */ = {isa = PBXFileReference; explicitFileType = wrapper.application; includeInIndex = 0; path = sample_delegate.app; sourceTree = BUILT_PRODUCTS_DIR; };
		BFE9932B2259BDBE00183253 /* AppDelegate.swift */ = {isa = PBXFileReference; lastKnownFileType = sourcecode.swift; path = AppDelegate.swift; sourceTree = "<group>"; };
		BFE9932D2259BDBE00183253 /* ViewController.swift */ = {isa = PBXFileReference; lastKnownFileType = sourcecode.swift; path = ViewController.swift; sourceTree = "<group>"; };
		BFE993302259BDBE00183253 /* Base */ = {isa = PBXFileReference; lastKnownFileType = file.storyboard; name = Base; path = Base.lproj/Main.storyboard; sourceTree = "<group>"; };
		BFE993322259BDC200183253 /* Assets.xcassets */ = {isa = PBXFileReference; lastKnownFileType = folder.assetcatalog; path = Assets.xcassets; sourceTree = "<group>"; };
		BFE993352259BDC200183253 /* Base */ = {isa = PBXFileReference; lastKnownFileType = file.storyboard; name = Base; path = Base.lproj/LaunchScreen.storyboard; sourceTree = "<group>"; };
		BFE993372259BDC200183253 /* Info.plist */ = {isa = PBXFileReference; lastKnownFileType = text.plist.xml; path = Info.plist; sourceTree = "<group>"; };
		BFE9933C2259BDC200183253 /* sample_delegateTests.xctest */ = {isa = PBXFileReference; explicitFileType = wrapper.cfbundle; includeInIndex = 0; path = sample_delegateTests.xctest; sourceTree = BUILT_PRODUCTS_DIR; };
		BFE993402259BDC200183253 /* sample_delegateTests.swift */ = {isa = PBXFileReference; lastKnownFileType = sourcecode.swift; path = sample_delegateTests.swift; sourceTree = "<group>"; };
		BFE993422259BDC200183253 /* Info.plist */ = {isa = PBXFileReference; lastKnownFileType = text.plist.xml; path = Info.plist; sourceTree = "<group>"; };
		BFE993472259BDC200183253 /* sample_delegateUITests.xctest */ = {isa = PBXFileReference; explicitFileType = wrapper.cfbundle; includeInIndex = 0; path = sample_delegateUITests.xctest; sourceTree = BUILT_PRODUCTS_DIR; };
		BFE9934B2259BDC200183253 /* sample_delegateUITests.swift */ = {isa = PBXFileReference; lastKnownFileType = sourcecode.swift; path = sample_delegateUITests.swift; sourceTree = "<group>"; };
		BFE9934D2259BDC200183253 /* Info.plist */ = {isa = PBXFileReference; lastKnownFileType = text.plist.xml; path = Info.plist; sourceTree = "<group>"; };
		BFE993592259BDEC00183253 /* TestDelegate.swift */ = {isa = PBXFileReference; lastKnownFileType = sourcecode.swift; path = TestDelegate.swift; sourceTree = "<group>"; };
		BFE9935B2259BE3700183253 /* TestClass.swift */ = {isa = PBXFileReference; lastKnownFileType = sourcecode.swift; path = TestClass.swift; sourceTree = "<group>"; };
/* End PBXFileReference section */

/* Begin PBXFrameworksBuildPhase section */
		BFE993252259BDBE00183253 /* Frameworks */ = {
			isa = PBXFrameworksBuildPhase;
			buildActionMask = 2147483647;
			files = (
			);
			runOnlyForDeploymentPostprocessing = 0;
		};
		BFE993392259BDC200183253 /* Frameworks */ = {
			isa = PBXFrameworksBuildPhase;
			buildActionMask = 2147483647;
			files = (
			);
			runOnlyForDeploymentPostprocessing = 0;
		};
		BFE993442259BDC200183253 /* Frameworks */ = {
			isa = PBXFrameworksBuildPhase;
			buildActionMask = 2147483647;
			files = (
			);
			runOnlyForDeploymentPostprocessing = 0;
		};
/* End PBXFrameworksBuildPhase section */

/* Begin PBXGroup section */
		BFE9931F2259BDBE00183253 = {
			isa = PBXGroup;
			children = (
				BFE9932A2259BDBE00183253 /* sample_delegate */,
				BFE9933F2259BDC200183253 /* sample_delegateTests */,
				BFE9934A2259BDC200183253 /* sample_delegateUITests */,
				BFE993292259BDBE00183253 /* Products */,
			);
			sourceTree = "<group>";
		};
		BFE993292259BDBE00183253 /* Products */ = {
			isa = PBXGroup;
			children = (
				BFE993282259BDBE00183253 /* sample_delegate.app */,
				BFE9933C2259BDC200183253 /* sample_delegateTests.xctest */,
				BFE993472259BDC200183253 /* sample_delegateUITests.xctest */,
			);
			name = Products;
			sourceTree = "<group>";
		};
		BFE9932A2259BDBE00183253 /* sample_delegate */ = {
			isa = PBXGroup;
			children = (
				BFE9932B2259BDBE00183253 /* AppDelegate.swift */,
				BFE9932D2259BDBE00183253 /* ViewController.swift */,
				BFE993592259BDEC00183253 /* TestDelegate.swift */,
				BFE9935B2259BE3700183253 /* TestClass.swift */,
				BFE9932F2259BDBE00183253 /* Main.storyboard */,
				BFE993322259BDC200183253 /* Assets.xcassets */,
				BFE993342259BDC200183253 /* LaunchScreen.storyboard */,
				BFE993372259BDC200183253 /* Info.plist */,
			);
			path = sample_delegate;
			sourceTree = "<group>";
		};
		BFE9933F2259BDC200183253 /* sample_delegateTests */ = {
			isa = PBXGroup;
			children = (
				BFE993402259BDC200183253 /* sample_delegateTests.swift */,
				BFE993422259BDC200183253 /* Info.plist */,
			);
			path = sample_delegateTests;
			sourceTree = "<group>";
		};
		BFE9934A2259BDC200183253 /* sample_delegateUITests */ = {
			isa = PBXGroup;
			children = (
				BFE9934B2259BDC200183253 /* sample_delegateUITests.swift */,
				BFE9934D2259BDC200183253 /* Info.plist */,
			);
			path = sample_delegateUITests;
			sourceTree = "<group>";
		};
/* End PBXGroup section */

/* Begin PBXNativeTarget section */
		BFE993272259BDBE00183253 /* sample_delegate */ = {
			isa = PBXNativeTarget;
			buildConfigurationList = BFE993502259BDC200183253 /* Build configuration list for PBXNativeTarget "sample_delegate" */;
			buildPhases = (
				BFE993242259BDBE00183253 /* Sources */,
				BFE993252259BDBE00183253 /* Frameworks */,
				BFE993262259BDBE00183253 /* Resources */,
			);
			buildRules = (
			);
			dependencies = (
			);
			name = sample_delegate;
			productName = sample_delegate;
			productReference = BFE993282259BDBE00183253 /* sample_delegate.app */;
			productType = "com.apple.product-type.application";
		};
		BFE9933B2259BDC200183253 /* sample_delegateTests */ = {
			isa = PBXNativeTarget;
			buildConfigurationList = BFE993532259BDC200183253 /* Build configuration list for PBXNativeTarget "sample_delegateTests" */;
			buildPhases = (
				BFE993382259BDC200183253 /* Sources */,
				BFE993392259BDC200183253 /* Frameworks */,
				BFE9933A2259BDC200183253 /* Resources */,
			);
			buildRules = (
			);
			dependencies = (
				BFE9933E2259BDC200183253 /* PBXTargetDependency */,
			);
			name = sample_delegateTests;
			productName = sample_delegateTests;
			productReference = BFE9933C2259BDC200183253 /* sample_delegateTests.xctest */;
			productType = "com.apple.product-type.bundle.unit-test";
		};
		BFE993462259BDC200183253 /* sample_delegateUITests */ = {
			isa = PBXNativeTarget;
			buildConfigurationList = BFE993562259BDC200183253 /* Build configuration list for PBXNativeTarget "sample_delegateUITests" */;
			buildPhases = (
				BFE993432259BDC200183253 /* Sources */,
				BFE993442259BDC200183253 /* Frameworks */,
				BFE993452259BDC200183253 /* Resources */,
			);
			buildRules = (
			);
			dependencies = (
				BFE993492259BDC200183253 /* PBXTargetDependency */,
			);
			name = sample_delegateUITests;
			productName = sample_delegateUITests;
			productReference = BFE993472259BDC200183253 /* sample_delegateUITests.xctest */;
			productType = "com.apple.product-type.bundle.ui-testing";
		};
/* End PBXNativeTarget section */

/* Begin PBXProject section */
		BFE993202259BDBE00183253 /* Project object */ = {
			isa = PBXProject;
			attributes = {
				LastSwiftUpdateCheck = 1020;
				LastUpgradeCheck = 1020;
				ORGANIZATIONNAME = "Syunsuke Nakao";
				TargetAttributes = {
					BFE993272259BDBE00183253 = {
						CreatedOnToolsVersion = 10.2;
					};
					BFE9933B2259BDC200183253 = {
						CreatedOnToolsVersion = 10.2;
						TestTargetID = BFE993272259BDBE00183253;
					};
					BFE993462259BDC200183253 = {
						CreatedOnToolsVersion = 10.2;
						TestTargetID = BFE993272259BDBE00183253;
					};
				};
			};
			buildConfigurationList = BFE993232259BDBE00183253 /* Build configuration list for PBXProject "sample_delegate" */;
			compatibilityVersion = "Xcode 9.3";
			developmentRegion = en;
			hasScannedForEncodings = 0;
			knownRegions = (
				en,
				Base,
			);
			mainGroup = BFE9931F2259BDBE00183253;
			productRefGroup = BFE993292259BDBE00183253 /* Products */;
			projectDirPath = "";
			projectRoot = "";
			targets = (
				BFE993272259BDBE00183253 /* sample_delegate */,
				BFE9933B2259BDC200183253 /* sample_delegateTests */,
				BFE993462259BDC200183253 /* sample_delegateUITests */,
			);
		};
/* End PBXProject section */

/* Begin PBXResourcesBuildPhase section */
		BFE993262259BDBE00183253 /* Resources */ = {
			isa = PBXResourcesBuildPhase;
			buildActionMask = 2147483647;
			files = (
				BFE993362259BDC200183253 /* LaunchScreen.storyboard in Resources */,
				BFE993332259BDC200183253 /* Assets.xcassets in Resources */,
				BFE993312259BDBE00183253 /* Main.storyboard in Resources */,
			);
			runOnlyForDeploymentPostprocessing = 0;
		};
		BFE9933A2259BDC200183253 /* Resources */ = {
			isa = PBXResourcesBuildPhase;
			buildActionMask = 2147483647;
			files = (
			);
			runOnlyForDeploymentPostprocessing = 0;
		};
		BFE993452259BDC200183253 /* Resources */ = {
			isa = PBXResourcesBuildPhase;
			buildActionMask = 2147483647;
			files = (
			);
			runOnlyForDeploymentPostprocessing = 0;
		};
/* End PBXResourcesBuildPhase section */

/* Begin PBXSourcesBuildPhase section */
		BFE993242259BDBE00183253 /* Sources */ = {
			isa = PBXSourcesBuildPhase;
			buildActionMask = 2147483647;
			files = (
				BFE9935C2259BE3700183253 /* TestClass.swift in Sources */,
				BFE9932E2259BDBE00183253 /* ViewController.swift in Sources */,
				BFE9932C2259BDBE00183253 /* AppDelegate.swift in Sources */,
				BFE9935A2259BDEC00183253 /* TestDelegate.swift in Sources */,
			);
			runOnlyForDeploymentPostprocessing = 0;
		};
		BFE993382259BDC200183253 /* Sources */ = {
			isa = PBXSourcesBuildPhase;
			buildActionMask = 2147483647;
			files = (
				BFE993412259BDC200183253 /* sample_delegateTests.swift in Sources */,
			);
			runOnlyForDeploymentPostprocessing = 0;
		};
		BFE993432259BDC200183253 /* Sources */ = {
			isa = PBXSourcesBuildPhase;
			buildActionMask = 2147483647;
			files = (
				BFE9934C2259BDC200183253 /* sample_delegateUITests.swift in Sources */,
			);
			runOnlyForDeploymentPostprocessing = 0;
		};
/* End PBXSourcesBuildPhase section */

/* Begin PBXTargetDependency section */
		BFE9933E2259BDC200183253 /* PBXTargetDependency */ = {
			isa = PBXTargetDependency;
			target = BFE993272259BDBE00183253 /* sample_delegate */;
			targetProxy = BFE9933D2259BDC200183253 /* PBXContainerItemProxy */;
		};
		BFE993492259BDC200183253 /* PBXTargetDependency */ = {
			isa = PBXTargetDependency;
			target = BFE993272259BDBE00183253 /* sample_delegate */;
			targetProxy = BFE993482259BDC200183253 /* PBXContainerItemProxy */;
		};
/* End PBXTargetDependency section */

/* Begin PBXVariantGroup section */
		BFE9932F2259BDBE00183253 /* Main.storyboard */ = {
			isa = PBXVariantGroup;
			children = (
				BFE993302259BDBE00183253 /* Base */,
			);
			name = Main.storyboard;
			sourceTree = "<group>";
		};
		BFE993342259BDC200183253 /* LaunchScreen.storyboard */ = {
			isa = PBXVariantGroup;
			children = (
				BFE993352259BDC200183253 /* Base */,
			);
			name = LaunchScreen.storyboard;
			sourceTree = "<group>";
		};
/* End PBXVariantGroup section */

/* Begin XCBuildConfiguration section */
		BFE9934E2259BDC200183253 /* Debug */ = {
			isa = XCBuildConfiguration;
			buildSettings = {
				ALWAYS_SEARCH_USER_PATHS = NO;
				CLANG_ANALYZER_NONNULL = YES;
				CLANG_ANALYZER_NUMBER_OBJECT_CONVERSION = YES_AGGRESSIVE;
				CLANG_CXX_LANGUAGE_STANDARD = "gnu++14";
				CLANG_CXX_LIBRARY = "libc++";
				CLANG_ENABLE_MODULES = YES;
				CLANG_ENABLE_OBJC_ARC = YES;
				CLANG_ENABLE_OBJC_WEAK = YES;
				CLANG_WARN_BLOCK_CAPTURE_AUTORELEASING = YES;
				CLANG_WARN_BOOL_CONVERSION = YES;
				CLANG_WARN_COMMA = YES;
				CLANG_WARN_CONSTANT_CONVERSION = YES;
				CLANG_WARN_DEPRECATED_OBJC_IMPLEMENTATIONS = YES;
				CLANG_WARN_DIRECT_OBJC_ISA_USAGE = YES_ERROR;
				CLANG_WARN_DOCUMENTATION_COMMENTS = YES;
				CLANG_WARN_EMPTY_BODY = YES;
				CLANG_WARN_ENUM_CONVERSION = YES;
				CLANG_WARN_INFINITE_RECURSION = YES;
				CLANG_WARN_INT_CONVERSION = YES;
				CLANG_WARN_NON_LITERAL_NULL_CONVERSION = YES;
				CLANG_WARN_OBJC_IMPLICIT_RETAIN_SELF = YES;
				CLANG_WARN_OBJC_LITERAL_CONVERSION = YES;
				CLANG_WARN_OBJC_ROOT_CLASS = YES_ERROR;
				CLANG_WARN_RANGE_LOOP_ANALYSIS = YES;
				CLANG_WARN_STRICT_PROTOTYPES = YES;
				CLANG_WARN_SUSPICIOUS_MOVE = YES;
				CLANG_WARN_UNGUARDED_AVAILABILITY = YES_AGGRESSIVE;
				CLANG_WARN_UNREACHABLE_CODE = YES;
				CLANG_WARN__DUPLICATE_METHOD_MATCH = YES;
				CODE_SIGN_IDENTITY = "iPhone Developer";
				COPY_PHASE_STRIP = NO;
				DEBUG_INFORMATION_FORMAT = dwarf;
				ENABLE_STRICT_OBJC_MSGSEND = YES;
				ENABLE_TESTABILITY = YES;
				GCC_C_LANGUAGE_STANDARD = gnu11;
				GCC_DYNAMIC_NO_PIC = NO;
				GCC_NO_COMMON_BLOCKS = YES;
				GCC_OPTIMIZATION_LEVEL = 0;
				GCC_PREPROCESSOR_DEFINITIONS = (
					"DEBUG=1",
					"$(inherited)",
				);
				GCC_WARN_64_TO_32_BIT_CONVERSION = YES;
				GCC_WARN_ABOUT_RETURN_TYPE = YES_ERROR;
				GCC_WARN_UNDECLARED_SELECTOR = YES;
				GCC_WARN_UNINITIALIZED_AUTOS = YES_AGGRESSIVE;
				GCC_WARN_UNUSED_FUNCTION = YES;
				GCC_WARN_UNUSED_VARIABLE = YES;
				IPHONEOS_DEPLOYMENT_TARGET = 12.2;
				MTL_ENABLE_DEBUG_INFO = INCLUDE_SOURCE;
				MTL_FAST_MATH = YES;
				ONLY_ACTIVE_ARCH = YES;
				SDKROOT = iphoneos;
				SWIFT_ACTIVE_COMPILATION_CONDITIONS = DEBUG;
				SWIFT_OPTIMIZATION_LEVEL = "-Onone";
			};
			name = Debug;
		};
		BFE9934F2259BDC200183253 /* Release */ = {
			isa = XCBuildConfiguration;
			buildSettings = {
				ALWAYS_SEARCH_USER_PATHS = NO;
				CLANG_ANALYZER_NONNULL = YES;
				CLANG_ANALYZER_NUMBER_OBJECT_CONVERSION = YES_AGGRESSIVE;
				CLANG_CXX_LANGUAGE_STANDARD = "gnu++14";
				CLANG_CXX_LIBRARY = "libc++";
				CLANG_ENABLE_MODULES = YES;
				CLANG_ENABLE_OBJC_ARC = YES;
				CLANG_ENABLE_OBJC_WEAK = YES;
				CLANG_WARN_BLOCK_CAPTURE_AUTORELEASING = YES;
				CLANG_WARN_BOOL_CONVERSION = YES;
				CLANG_WARN_COMMA = YES;
				CLANG_WARN_CONSTANT_CONVERSION = YES;
				CLANG_WARN_DEPRECATED_OBJC_IMPLEMENTATIONS = YES;
				CLANG_WARN_DIRECT_OBJC_ISA_USAGE = YES_ERROR;
				CLANG_WARN_DOCUMENTATION_COMMENTS = YES;
				CLANG_WARN_EMPTY_BODY = YES;
				CLANG_WARN_ENUM_CONVERSION = YES;
				CLANG_WARN_INFINITE_RECURSION = YES;
				CLANG_WARN_INT_CONVERSION = YES;
				CLANG_WARN_NON_LITERAL_NULL_CONVERSION = YES;
				CLANG_WARN_OBJC_IMPLICIT_RETAIN_SELF = YES;
				CLANG_WARN_OBJC_LITERAL_CONVERSION = YES;
				CLANG_WARN_OBJC_ROOT_CLASS = YES_ERROR;
				CLANG_WARN_RANGE_LOOP_ANALYSIS = YES;
				CLANG_WARN_STRICT_PROTOTYPES = YES;
				CLANG_WARN_SUSPICIOUS_MOVE = YES;
				CLANG_WARN_UNGUARDED_AVAILABILITY = YES_AGGRESSIVE;
				CLANG_WARN_UNREACHABLE_CODE = YES;
				CLANG_WARN__DUPLICATE_METHOD_MATCH = YES;
				CODE_SIGN_IDENTITY = "iPhone Developer";
				COPY_PHASE_STRIP = NO;
				DEBUG_INFORMATION_FORMAT = "dwarf-with-dsym";
				ENABLE_NS_ASSERTIONS = NO;
				ENABLE_STRICT_OBJC_MSGSEND = YES;
				GCC_C_LANGUAGE_STANDARD = gnu11;
				GCC_NO_COMMON_BLOCKS = YES;
				GCC_WARN_64_TO_32_BIT_CONVERSION = YES;
				GCC_WARN_ABOUT_RETURN_TYPE = YES_ERROR;
				GCC_WARN_UNDECLARED_SELECTOR = YES;
				GCC_WARN_UNINITIALIZED_AUTOS = YES_AGGRESSIVE;
				GCC_WARN_UNUSED_FUNCTION = YES;
				GCC_WARN_UNUSED_VARIABLE = YES;
				IPHONEOS_DEPLOYMENT_TARGET = 12.2;
				MTL_ENABLE_DEBUG_INFO = NO;
				MTL_FAST_MATH = YES;
				SDKROOT = iphoneos;
				SWIFT_COMPILATION_MODE = wholemodule;
				SWIFT_OPTIMIZATION_LEVEL = "-O";
				VALIDATE_PRODUCT = YES;
			};
			name = Release;
		};
		BFE993512259BDC200183253 /* Debug */ = {
			isa = XCBuildConfiguration;
			buildSettings = {
				ASSETCATALOG_COMPILER_APPICON_NAME = AppIcon;
				CODE_SIGN_STYLE = Automatic;
				DEVELOPMENT_TEAM = MA457A3LUC;
				INFOPLIST_FILE = sample_delegate/Info.plist;
				LD_RUNPATH_SEARCH_PATHS = (
					"$(inherited)",
					"@executable_path/Frameworks",
				);
				PRODUCT_BUNDLE_IDENTIFIER = "com.mani.sample-delegate";
				PRODUCT_NAME = "$(TARGET_NAME)";
				SWIFT_VERSION = 5.0;
				TARGETED_DEVICE_FAMILY = "1,2";
			};
			name = Debug;
		};
		BFE993522259BDC200183253 /* Release */ = {
			isa = XCBuildConfiguration;
			buildSettings = {
				ASSETCATALOG_COMPILER_APPICON_NAME = AppIcon;
				CODE_SIGN_STYLE = Automatic;
				DEVELOPMENT_TEAM = MA457A3LUC;
				INFOPLIST_FILE = sample_delegate/Info.plist;
				LD_RUNPATH_SEARCH_PATHS = (
					"$(inherited)",
					"@executable_path/Frameworks",
				);
				PRODUCT_BUNDLE_IDENTIFIER = "com.mani.sample-delegate";
				PRODUCT_NAME = "$(TARGET_NAME)";
				SWIFT_VERSION = 5.0;
				TARGETED_DEVICE_FAMILY = "1,2";
			};
			name = Release;
		};
		BFE993542259BDC200183253 /* Debug */ = {
			isa = XCBuildConfiguration;
			buildSettings = {
				ALWAYS_EMBED_SWIFT_STANDARD_LIBRARIES = YES;
				BUNDLE_LOADER = "$(TEST_HOST)";
				CODE_SIGN_STYLE = Automatic;
				DEVELOPMENT_TEAM = MA457A3LUC;
				INFOPLIST_FILE = sample_delegateTests/Info.plist;
				LD_RUNPATH_SEARCH_PATHS = (
					"$(inherited)",
					"@executable_path/Frameworks",
					"@loader_path/Frameworks",
				);
				PRODUCT_BUNDLE_IDENTIFIER = "com.mani.sample-delegateTests";
				PRODUCT_NAME = "$(TARGET_NAME)";
				SWIFT_VERSION = 5.0;
				TARGETED_DEVICE_FAMILY = "1,2";
				TEST_HOST = "$(BUILT_PRODUCTS_DIR)/sample_delegate.app/sample_delegate";
			};
			name = Debug;
		};
		BFE993552259BDC200183253 /* Release */ = {
			isa = XCBuildConfiguration;
			buildSettings = {
				ALWAYS_EMBED_SWIFT_STANDARD_LIBRARIES = YES;
				BUNDLE_LOADER = "$(TEST_HOST)";
				CODE_SIGN_STYLE = Automatic;
				DEVELOPMENT_TEAM = MA457A3LUC;
				INFOPLIST_FILE = sample_delegateTests/Info.plist;
				LD_RUNPATH_SEARCH_PATHS = (
					"$(inherited)",
					"@executable_path/Frameworks",
					"@loader_path/Frameworks",
				);
				PRODUCT_BUNDLE_IDENTIFIER = "com.mani.sample-delegateTests";
				PRODUCT_NAME = "$(TARGET_NAME)";
				SWIFT_VERSION = 5.0;
				TARGETED_DEVICE_FAMILY = "1,2";
				TEST_HOST = "$(BUILT_PRODUCTS_DIR)/sample_delegate.app/sample_delegate";
			};
			name = Release;
		};
		BFE993572259BDC200183253 /* Debug */ = {
			isa = XCBuildConfiguration;
			buildSettings = {
				ALWAYS_EMBED_SWIFT_STANDARD_LIBRARIES = YES;
				CODE_SIGN_STYLE = Automatic;
				DEVELOPMENT_TEAM = MA457A3LUC;
				INFOPLIST_FILE = sample_delegateUITests/Info.plist;
				LD_RUNPATH_SEARCH_PATHS = (
					"$(inherited)",
					"@executable_path/Frameworks",
					"@loader_path/Frameworks",
				);
				PRODUCT_BUNDLE_IDENTIFIER = "com.mani.sample-delegateUITests";
				PRODUCT_NAME = "$(TARGET_NAME)";
				SWIFT_VERSION = 5.0;
				TARGETED_DEVICE_FAMILY = "1,2";
				TEST_TARGET_NAME = sample_delegate;
			};
			name = Debug;
		};
		BFE993582259BDC200183253 /* Release */ = {
			isa = XCBuildConfiguration;
			buildSettings = {
				ALWAYS_EMBED_SWIFT_STANDARD_LIBRARIES = YES;
				CODE_SIGN_STYLE = Automatic;
				DEVELOPMENT_TEAM = MA457A3LUC;
				INFOPLIST_FILE = sample_delegateUITests/Info.plist;
				LD_RUNPATH_SEARCH_PATHS = (
					"$(inherited)",
					"@executable_path/Frameworks",
					"@loader_path/Frameworks",
				);
				PRODUCT_BUNDLE_IDENTIFIER = "com.mani.sample-delegateUITests";
				PRODUCT_NAME = "$(TARGET_NAME)";
				SWIFT_VERSION = 5.0;
				TARGETED_DEVICE_FAMILY = "1,2";
				TEST_TARGET_NAME = sample_delegate;
			};
			name = Release;
		};
/* End XCBuildConfiguration section */

/* Begin XCConfigurationList section */
		BFE993232259BDBE00183253 /* Build configuration list for PBXProject "sample_delegate" */ = {
			isa = XCConfigurationList;
			buildConfigurations = (
				BFE9934E2259BDC200183253 /* Debug */,
				BFE9934F2259BDC200183253 /* Release */,
			);
			defaultConfigurationIsVisible = 0;
			defaultConfigurationName = Release;
		};
		BFE993502259BDC200183253 /* Build configuration list for PBXNativeTarget "sample_delegate" */ = {
			isa = XCConfigurationList;
			buildConfigurations = (
				BFE993512259BDC200183253 /* Debug */,
				BFE993522259BDC200183253 /* Release */,
			);
			defaultConfigurationIsVisible = 0;
			defaultConfigurationName = Release;
		};
		BFE993532259BDC200183253 /* Build configuration list for PBXNativeTarget "sample_delegateTests" */ = {
			isa = XCConfigurationList;
			buildConfigurations = (
				BFE993542259BDC200183253 /* Debug */,
				BFE993552259BDC200183253 /* Release */,
			);
			defaultConfigurationIsVisible = 0;
			defaultConfigurationName = Release;
		};
		BFE993562259BDC200183253 /* Build configuration list for PBXNativeTarget "sample_delegateUITests" */ = {
			isa = XCConfigurationList;
			buildConfigurations = (
				BFE993572259BDC200183253 /* Debug */,
				BFE993582259BDC200183253 /* Release */,
			);
			defaultConfigurationIsVisible = 0;
			defaultConfigurationName = Release;
		};
/* End XCConfigurationList section */
	};
	rootObject = BFE993202259BDBE00183253 /* Project object */;
}
